# This file is automatically @generated by Cargo.
# It is not intended for manual editing.
version = 4

[[package]]
name = "osc-router"
version = "0.3.1"

[[package]]
name = "osc-router-test"
version = "0.3.1"
dependencies = [
 "osc-router",
 "osc-router-traits",
]

[[package]]
name = "osc-router-traits"
version = "0.3.1"
